
Microsoft Visual Studio Solution File, Format Version 12.00
# Visual Studio 15
VisualStudioVersion = 15.0.26124.0
MinimumVisualStudioVersion = 15.0.26124.0
Project("{FAE04EC0-301F-11D3-BF4B-00C04F79EFBC}") = "src.app.shared", "src.app.shared\src.app.shared.csproj", "{8EFCC06F-A3B3-4D24-9DF6-C40C8CE80F87}"
EndProject
Project("{FAE04EC0-301F-11D3-BF4B-00C04F79EFBC}") = "src.core.entities", "src.core.entities\src.core.entities.csproj", "{DB0D2D96-EE6F-46FF-8D7A-76602E2B7424}"
EndProject
Project("{FAE04EC0-301F-11D3-BF4B-00C04F79EFBC}") = "src.core.services", "src.core.services\src.core.services.csproj", "{E23CE9E2-45D1-4FCC-95DE-263E743E784E}"
EndProject
Project("{FAE04EC0-301F-11D3-BF4B-00C04F79EFBC}") = "src.infra.data", "src.infra.data\src.infra.data.csproj", "{DEF4EECA-CE07-40D7-A1DD-44C61A708822}"
EndProject
Project("{FAE04EC0-301F-11D3-BF4B-00C04F79EFBC}") = "src.infra.repositorys", "src.infra.repositorys\src.infra.repositorys.csproj", "{76239786-45EA-4E41-AFDB-C44CF61B2A6A}"
EndProject
Project("{FAE04EC0-301F-11D3-BF4B-00C04F79EFBC}") = "tests.app.webapi", "tests.app.webapi\tests.app.webapi.csproj", "{0009737C-87B0-4564-9D2D-3688DD61DFAB}"
EndProject
Project("{FAE04EC0-301F-11D3-BF4B-00C04F79EFBC}") = "tests.core.entities", "tests.core.entities\tests.core.entities.csproj", "{8E35D074-F7A8-4DC6-AE3B-121FD7417A22}"
EndProject
Project("{FAE04EC0-301F-11D3-BF4B-00C04F79EFBC}") = "tests.core.services", "tests.core.services\tests.core.services.csproj", "{7E35C6C5-68EF-4D88-9006-BD654117889A}"
EndProject
Project("{FAE04EC0-301F-11D3-BF4B-00C04F79EFBC}") = "tests.infra.data", "tests.infra.data\tests.infra.data.csproj", "{A79A87CC-B89F-4C4E-A2FC-22B7565CC50A}"
EndProject
Project("{FAE04EC0-301F-11D3-BF4B-00C04F79EFBC}") = "tests.infra.repositorys", "tests.infra.repositorys\tests.infra.repositorys.csproj", "{F6D03BC7-AB02-4F34-9E86-8528E6A26AC5}"
EndProject
Project("{2150E333-8FDC-42A3-9474-1A3956D46DE8}") = "src", "src", "{CAF9A6C0-B898-11EA-9AC4-67CB1E7A66DC}"
EndProject
Project("{2150E333-8FDC-42A3-9474-1A3956D46DE8}") = "tests", "tests", "{CE3FD110-B898-11EA-9AC4-67CB1E7A66DC}"
EndProject
Project("{FAE04EC0-301F-11D3-BF4B-00C04F79EFBC}") = "src.app.utils", "src.app.utils\src.app.utils.csproj", "{000A27B0-84F8-4EC2-8751-CCFFC2B957DB}"
EndProject
Project("{2150E333-8FDC-42A3-9474-1A3956D46DE8}") = "app", "app", "{6EF99FC0-B8A1-11EA-9AC4-67CB1E7A66DC}"
EndProject
Project("{2150E333-8FDC-42A3-9474-1A3956D46DE8}") = "core", "core", "{802B7AC0-B8A1-11EA-9AC4-67CB1E7A66DC}"
EndProject
Project("{2150E333-8FDC-42A3-9474-1A3956D46DE8}") = "infra", "infra", "{839CACB0-B8A1-11EA-9AC4-67CB1E7A66DC}"
EndProject
Project("{2150E333-8FDC-42A3-9474-1A3956D46DE8}") = "app", "app", "{96CF39B0-B8A1-11EA-9AC4-67CB1E7A66DC}"
EndProject
Project("{2150E333-8FDC-42A3-9474-1A3956D46DE8}") = "core", "core", "{99E26D20-B8A1-11EA-9AC4-67CB1E7A66DC}"
EndProject
Project("{2150E333-8FDC-42A3-9474-1A3956D46DE8}") = "infra", "infra", "{9CF9BF40-B8A1-11EA-9AC4-67CB1E7A66DC}"
EndProject
Project("{FAE04EC0-301F-11D3-BF4B-00C04F79EFBC}") = "src.app.webapi", "src.app.webapi\src.app.webapi.csproj", "{4A8CB5B9-D1A6-4291-B0E6-CBDCB9F75C6F}"
EndProject
Global
	GlobalSection(SolutionConfigurationPlatforms) = preSolution
		Debug|Any CPU = Debug|Any CPU
		Debug|x64 = Debug|x64
		Debug|x86 = Debug|x86
		Release|Any CPU = Release|Any CPU
		Release|x64 = Release|x64
		Release|x86 = Release|x86
	EndGlobalSection
	GlobalSection(SolutionProperties) = preSolution
		HideSolutionNode = FALSE
	EndGlobalSection
	GlobalSection(ProjectConfigurationPlatforms) = postSolution
		{8EFCC06F-A3B3-4D24-9DF6-C40C8CE80F87}.Debug|Any CPU.ActiveCfg = Debug|Any CPU
		{8EFCC06F-A3B3-4D24-9DF6-C40C8CE80F87}.Debug|Any CPU.Build.0 = Debug|Any CPU
		{8EFCC06F-A3B3-4D24-9DF6-C40C8CE80F87}.Debug|x64.ActiveCfg = Debug|Any CPU
		{8EFCC06F-A3B3-4D24-9DF6-C40C8CE80F87}.Debug|x64.Build.0 = Debug|Any CPU
		{8EFCC06F-A3B3-4D24-9DF6-C40C8CE80F87}.Debug|x86.ActiveCfg = Debug|Any CPU
		{8EFCC06F-A3B3-4D24-9DF6-C40C8CE80F87}.Debug|x86.Build.0 = Debug|Any CPU
		{8EFCC06F-A3B3-4D24-9DF6-C40C8CE80F87}.Release|Any CPU.ActiveCfg = Release|Any CPU
		{8EFCC06F-A3B3-4D24-9DF6-C40C8CE80F87}.Release|Any CPU.Build.0 = Release|Any CPU
		{8EFCC06F-A3B3-4D24-9DF6-C40C8CE80F87}.Release|x64.ActiveCfg = Release|Any CPU
		{8EFCC06F-A3B3-4D24-9DF6-C40C8CE80F87}.Release|x64.Build.0 = Release|Any CPU
		{8EFCC06F-A3B3-4D24-9DF6-C40C8CE80F87}.Release|x86.ActiveCfg = Release|Any CPU
		{8EFCC06F-A3B3-4D24-9DF6-C40C8CE80F87}.Release|x86.Build.0 = Release|Any CPU
		{DB0D2D96-EE6F-46FF-8D7A-76602E2B7424}.Debug|Any CPU.ActiveCfg = Debug|Any CPU
		{DB0D2D96-EE6F-46FF-8D7A-76602E2B7424}.Debug|Any CPU.Build.0 = Debug|Any CPU
		{DB0D2D96-EE6F-46FF-8D7A-76602E2B7424}.Debug|x64.ActiveCfg = Debug|Any CPU
		{DB0D2D96-EE6F-46FF-8D7A-76602E2B7424}.Debug|x64.Build.0 = Debug|Any CPU
		{DB0D2D96-EE6F-46FF-8D7A-76602E2B7424}.Debug|x86.ActiveCfg = Debug|Any CPU
		{DB0D2D96-EE6F-46FF-8D7A-76602E2B7424}.Debug|x86.Build.0 = Debug|Any CPU
		{DB0D2D96-EE6F-46FF-8D7A-76602E2B7424}.Release|Any CPU.ActiveCfg = Release|Any CPU
		{DB0D2D96-EE6F-46FF-8D7A-76602E2B7424}.Release|Any CPU.Build.0 = Release|Any CPU
		{DB0D2D96-EE6F-46FF-8D7A-76602E2B7424}.Release|x64.ActiveCfg = Release|Any CPU
		{DB0D2D96-EE6F-46FF-8D7A-76602E2B7424}.Release|x64.Build.0 = Release|Any CPU
		{DB0D2D96-EE6F-46FF-8D7A-76602E2B7424}.Release|x86.ActiveCfg = Release|Any CPU
		{DB0D2D96-EE6F-46FF-8D7A-76602E2B7424}.Release|x86.Build.0 = Release|Any CPU
		{E23CE9E2-45D1-4FCC-95DE-263E743E784E}.Debug|Any CPU.ActiveCfg = Debug|Any CPU
		{E23CE9E2-45D1-4FCC-95DE-263E743E784E}.Debug|Any CPU.Build.0 = Debug|Any CPU
		{E23CE9E2-45D1-4FCC-95DE-263E743E784E}.Debug|x64.ActiveCfg = Debug|Any CPU
		{E23CE9E2-45D1-4FCC-95DE-263E743E784E}.Debug|x64.Build.0 = Debug|Any CPU
		{E23CE9E2-45D1-4FCC-95DE-263E743E784E}.Debug|x86.ActiveCfg = Debug|Any CPU
		{E23CE9E2-45D1-4FCC-95DE-263E743E784E}.Debug|x86.Build.0 = Debug|Any CPU
		{E23CE9E2-45D1-4FCC-95DE-263E743E784E}.Release|Any CPU.ActiveCfg = Release|Any CPU
		{E23CE9E2-45D1-4FCC-95DE-263E743E784E}.Release|Any CPU.Build.0 = Release|Any CPU
		{E23CE9E2-45D1-4FCC-95DE-263E743E784E}.Release|x64.ActiveCfg = Release|Any CPU
		{E23CE9E2-45D1-4FCC-95DE-263E743E784E}.Release|x64.Build.0 = Release|Any CPU
		{E23CE9E2-45D1-4FCC-95DE-263E743E784E}.Release|x86.ActiveCfg = Release|Any CPU
		{E23CE9E2-45D1-4FCC-95DE-263E743E784E}.Release|x86.Build.0 = Release|Any CPU
		{DEF4EECA-CE07-40D7-A1DD-44C61A708822}.Debug|Any CPU.ActiveCfg = Debug|Any CPU
		{DEF4EECA-CE07-40D7-A1DD-44C61A708822}.Debug|Any CPU.Build.0 = Debug|Any CPU
		{DEF4EECA-CE07-40D7-A1DD-44C61A708822}.Debug|x64.ActiveCfg = Debug|Any CPU
		{DEF4EECA-CE07-40D7-A1DD-44C61A708822}.Debug|x64.Build.0 = Debug|Any CPU
		{DEF4EECA-CE07-40D7-A1DD-44C61A708822}.Debug|x86.ActiveCfg = Debug|Any CPU
		{DEF4EECA-CE07-40D7-A1DD-44C61A708822}.Debug|x86.Build.0 = Debug|Any CPU
		{DEF4EECA-CE07-40D7-A1DD-44C61A708822}.Release|Any CPU.ActiveCfg = Release|Any CPU
		{DEF4EECA-CE07-40D7-A1DD-44C61A708822}.Release|Any CPU.Build.0 = Release|Any CPU
		{DEF4EECA-CE07-40D7-A1DD-44C61A708822}.Release|x64.ActiveCfg = Release|Any CPU
		{DEF4EECA-CE07-40D7-A1DD-44C61A708822}.Release|x64.Build.0 = Release|Any CPU
		{DEF4EECA-CE07-40D7-A1DD-44C61A708822}.Release|x86.ActiveCfg = Release|Any CPU
		{DEF4EECA-CE07-40D7-A1DD-44C61A708822}.Release|x86.Build.0 = Release|Any CPU
		{76239786-45EA-4E41-AFDB-C44CF61B2A6A}.Debug|Any CPU.ActiveCfg = Debug|Any CPU
		{76239786-45EA-4E41-AFDB-C44CF61B2A6A}.Debug|Any CPU.Build.0 = Debug|Any CPU
		{76239786-45EA-4E41-AFDB-C44CF61B2A6A}.Debug|x64.ActiveCfg = Debug|Any CPU
		{76239786-45EA-4E41-AFDB-C44CF61B2A6A}.Debug|x64.Build.0 = Debug|Any CPU
		{76239786-45EA-4E41-AFDB-C44CF61B2A6A}.Debug|x86.ActiveCfg = Debug|Any CPU
		{76239786-45EA-4E41-AFDB-C44CF61B2A6A}.Debug|x86.Build.0 = Debug|Any CPU
		{76239786-45EA-4E41-AFDB-C44CF61B2A6A}.Release|Any CPU.ActiveCfg = Release|Any CPU
		{76239786-45EA-4E41-AFDB-C44CF61B2A6A}.Release|Any CPU.Build.0 = Release|Any CPU
		{76239786-45EA-4E41-AFDB-C44CF61B2A6A}.Release|x64.ActiveCfg = Release|Any CPU
		{76239786-45EA-4E41-AFDB-C44CF61B2A6A}.Release|x64.Build.0 = Release|Any CPU
		{76239786-45EA-4E41-AFDB-C44CF61B2A6A}.Release|x86.ActiveCfg = Release|Any CPU
		{76239786-45EA-4E41-AFDB-C44CF61B2A6A}.Release|x86.Build.0 = Release|Any CPU
		{0009737C-87B0-4564-9D2D-3688DD61DFAB}.Debug|Any CPU.ActiveCfg = Debug|Any CPU
		{0009737C-87B0-4564-9D2D-3688DD61DFAB}.Debug|Any CPU.Build.0 = Debug|Any CPU
		{0009737C-87B0-4564-9D2D-3688DD61DFAB}.Debug|x64.ActiveCfg = Debug|Any CPU
		{0009737C-87B0-4564-9D2D-3688DD61DFAB}.Debug|x64.Build.0 = Debug|Any CPU
		{0009737C-87B0-4564-9D2D-3688DD61DFAB}.Debug|x86.ActiveCfg = Debug|Any CPU
		{0009737C-87B0-4564-9D2D-3688DD61DFAB}.Debug|x86.Build.0 = Debug|Any CPU
		{0009737C-87B0-4564-9D2D-3688DD61DFAB}.Release|Any CPU.ActiveCfg = Release|Any CPU
		{0009737C-87B0-4564-9D2D-3688DD61DFAB}.Release|Any CPU.Build.0 = Release|Any CPU
		{0009737C-87B0-4564-9D2D-3688DD61DFAB}.Release|x64.ActiveCfg = Release|Any CPU
		{0009737C-87B0-4564-9D2D-3688DD61DFAB}.Release|x64.Build.0 = Release|Any CPU
		{0009737C-87B0-4564-9D2D-3688DD61DFAB}.Release|x86.ActiveCfg = Release|Any CPU
		{0009737C-87B0-4564-9D2D-3688DD61DFAB}.Release|x86.Build.0 = Release|Any CPU
		{8E35D074-F7A8-4DC6-AE3B-121FD7417A22}.Debug|Any CPU.ActiveCfg = Debug|Any CPU
		{8E35D074-F7A8-4DC6-AE3B-121FD7417A22}.Debug|Any CPU.Build.0 = Debug|Any CPU
		{8E35D074-F7A8-4DC6-AE3B-121FD7417A22}.Debug|x64.ActiveCfg = Debug|Any CPU
		{8E35D074-F7A8-4DC6-AE3B-121FD7417A22}.Debug|x64.Build.0 = Debug|Any CPU
		{8E35D074-F7A8-4DC6-AE3B-121FD7417A22}.Debug|x86.ActiveCfg = Debug|Any CPU
		{8E35D074-F7A8-4DC6-AE3B-121FD7417A22}.Debug|x86.Build.0 = Debug|Any CPU
		{8E35D074-F7A8-4DC6-AE3B-121FD7417A22}.Release|Any CPU.ActiveCfg = Release|Any CPU
		{8E35D074-F7A8-4DC6-AE3B-121FD7417A22}.Release|Any CPU.Build.0 = Release|Any CPU
		{8E35D074-F7A8-4DC6-AE3B-121FD7417A22}.Release|x64.ActiveCfg = Release|Any CPU
		{8E35D074-F7A8-4DC6-AE3B-121FD7417A22}.Release|x64.Build.0 = Release|Any CPU
		{8E35D074-F7A8-4DC6-AE3B-121FD7417A22}.Release|x86.ActiveCfg = Release|Any CPU
		{8E35D074-F7A8-4DC6-AE3B-121FD7417A22}.Release|x86.Build.0 = Release|Any CPU
		{7E35C6C5-68EF-4D88-9006-BD654117889A}.Debug|Any CPU.ActiveCfg = Debug|Any CPU
		{7E35C6C5-68EF-4D88-9006-BD654117889A}.Debug|Any CPU.Build.0 = Debug|Any CPU
		{7E35C6C5-68EF-4D88-9006-BD654117889A}.Debug|x64.ActiveCfg = Debug|Any CPU
		{7E35C6C5-68EF-4D88-9006-BD654117889A}.Debug|x64.Build.0 = Debug|Any CPU
		{7E35C6C5-68EF-4D88-9006-BD654117889A}.Debug|x86.ActiveCfg = Debug|Any CPU
		{7E35C6C5-68EF-4D88-9006-BD654117889A}.Debug|x86.Build.0 = Debug|Any CPU
		{7E35C6C5-68EF-4D88-9006-BD654117889A}.Release|Any CPU.ActiveCfg = Release|Any CPU
		{7E35C6C5-68EF-4D88-9006-BD654117889A}.Release|Any CPU.Build.0 = Release|Any CPU
		{7E35C6C5-68EF-4D88-9006-BD654117889A}.Release|x64.ActiveCfg = Release|Any CPU
		{7E35C6C5-68EF-4D88-9006-BD654117889A}.Release|x64.Build.0 = Release|Any CPU
		{7E35C6C5-68EF-4D88-9006-BD654117889A}.Release|x86.ActiveCfg = Release|Any CPU
		{7E35C6C5-68EF-4D88-9006-BD654117889A}.Release|x86.Build.0 = Release|Any CPU
		{A79A87CC-B89F-4C4E-A2FC-22B7565CC50A}.Debug|Any CPU.ActiveCfg = Debug|Any CPU
		{A79A87CC-B89F-4C4E-A2FC-22B7565CC50A}.Debug|Any CPU.Build.0 = Debug|Any CPU
		{A79A87CC-B89F-4C4E-A2FC-22B7565CC50A}.Debug|x64.ActiveCfg = Debug|Any CPU
		{A79A87CC-B89F-4C4E-A2FC-22B7565CC50A}.Debug|x64.Build.0 = Debug|Any CPU
		{A79A87CC-B89F-4C4E-A2FC-22B7565CC50A}.Debug|x86.ActiveCfg = Debug|Any CPU
		{A79A87CC-B89F-4C4E-A2FC-22B7565CC50A}.Debug|x86.Build.0 = Debug|Any CPU
		{A79A87CC-B89F-4C4E-A2FC-22B7565CC50A}.Release|Any CPU.ActiveCfg = Release|Any CPU
		{A79A87CC-B89F-4C4E-A2FC-22B7565CC50A}.Release|Any CPU.Build.0 = Release|Any CPU
		{A79A87CC-B89F-4C4E-A2FC-22B7565CC50A}.Release|x64.ActiveCfg = Release|Any CPU
		{A79A87CC-B89F-4C4E-A2FC-22B7565CC50A}.Release|x64.Build.0 = Release|Any CPU
		{A79A87CC-B89F-4C4E-A2FC-22B7565CC50A}.Release|x86.ActiveCfg = Release|Any CPU
		{A79A87CC-B89F-4C4E-A2FC-22B7565CC50A}.Release|x86.Build.0 = Release|Any CPU
		{F6D03BC7-AB02-4F34-9E86-8528E6A26AC5}.Debug|Any CPU.ActiveCfg = Debug|Any CPU
		{F6D03BC7-AB02-4F34-9E86-8528E6A26AC5}.Debug|Any CPU.Build.0 = Debug|Any CPU
		{F6D03BC7-AB02-4F34-9E86-8528E6A26AC5}.Debug|x64.ActiveCfg = Debug|Any CPU
		{F6D03BC7-AB02-4F34-9E86-8528E6A26AC5}.Debug|x64.Build.0 = Debug|Any CPU
		{F6D03BC7-AB02-4F34-9E86-8528E6A26AC5}.Debug|x86.ActiveCfg = Debug|Any CPU
		{F6D03BC7-AB02-4F34-9E86-8528E6A26AC5}.Debug|x86.Build.0 = Debug|Any CPU
		{F6D03BC7-AB02-4F34-9E86-8528E6A26AC5}.Release|Any CPU.ActiveCfg = Release|Any CPU
		{F6D03BC7-AB02-4F34-9E86-8528E6A26AC5}.Release|Any CPU.Build.0 = Release|Any CPU
		{F6D03BC7-AB02-4F34-9E86-8528E6A26AC5}.Release|x64.ActiveCfg = Release|Any CPU
		{F6D03BC7-AB02-4F34-9E86-8528E6A26AC5}.Release|x64.Build.0 = Release|Any CPU
		{F6D03BC7-AB02-4F34-9E86-8528E6A26AC5}.Release|x86.ActiveCfg = Release|Any CPU
		{F6D03BC7-AB02-4F34-9E86-8528E6A26AC5}.Release|x86.Build.0 = Release|Any CPU
		{000A27B0-84F8-4EC2-8751-CCFFC2B957DB}.Debug|Any CPU.ActiveCfg = Debug|Any CPU
		{000A27B0-84F8-4EC2-8751-CCFFC2B957DB}.Debug|Any CPU.Build.0 = Debug|Any CPU
		{000A27B0-84F8-4EC2-8751-CCFFC2B957DB}.Debug|x64.ActiveCfg = Debug|Any CPU
		{000A27B0-84F8-4EC2-8751-CCFFC2B957DB}.Debug|x64.Build.0 = Debug|Any CPU
		{000A27B0-84F8-4EC2-8751-CCFFC2B957DB}.Debug|x86.ActiveCfg = Debug|Any CPU
		{000A27B0-84F8-4EC2-8751-CCFFC2B957DB}.Debug|x86.Build.0 = Debug|Any CPU
		{000A27B0-84F8-4EC2-8751-CCFFC2B957DB}.Release|Any CPU.ActiveCfg = Release|Any CPU
		{000A27B0-84F8-4EC2-8751-CCFFC2B957DB}.Release|Any CPU.Build.0 = Release|Any CPU
		{000A27B0-84F8-4EC2-8751-CCFFC2B957DB}.Release|x64.ActiveCfg = Release|Any CPU
		{000A27B0-84F8-4EC2-8751-CCFFC2B957DB}.Release|x64.Build.0 = Release|Any CPU
		{000A27B0-84F8-4EC2-8751-CCFFC2B957DB}.Release|x86.ActiveCfg = Release|Any CPU
		{000A27B0-84F8-4EC2-8751-CCFFC2B957DB}.Release|x86.Build.0 = Release|Any CPU
		{4A8CB5B9-D1A6-4291-B0E6-CBDCB9F75C6F}.Debug|Any CPU.ActiveCfg = Debug|Any CPU
		{4A8CB5B9-D1A6-4291-B0E6-CBDCB9F75C6F}.Debug|Any CPU.Build.0 = Debug|Any CPU
		{4A8CB5B9-D1A6-4291-B0E6-CBDCB9F75C6F}.Debug|x64.ActiveCfg = Debug|Any CPU
		{4A8CB5B9-D1A6-4291-B0E6-CBDCB9F75C6F}.Debug|x64.Build.0 = Debug|Any CPU
		{4A8CB5B9-D1A6-4291-B0E6-CBDCB9F75C6F}.Debug|x86.ActiveCfg = Debug|Any CPU
		{4A8CB5B9-D1A6-4291-B0E6-CBDCB9F75C6F}.Debug|x86.Build.0 = Debug|Any CPU
		{4A8CB5B9-D1A6-4291-B0E6-CBDCB9F75C6F}.Release|Any CPU.ActiveCfg = Release|Any CPU
		{4A8CB5B9-D1A6-4291-B0E6-CBDCB9F75C6F}.Release|Any CPU.Build.0 = Release|Any CPU
		{4A8CB5B9-D1A6-4291-B0E6-CBDCB9F75C6F}.Release|x64.ActiveCfg = Release|Any CPU
		{4A8CB5B9-D1A6-4291-B0E6-CBDCB9F75C6F}.Release|x64.Build.0 = Release|Any CPU
		{4A8CB5B9-D1A6-4291-B0E6-CBDCB9F75C6F}.Release|x86.ActiveCfg = Release|Any CPU
		{4A8CB5B9-D1A6-4291-B0E6-CBDCB9F75C6F}.Release|x86.Build.0 = Release|Any CPU
	EndGlobalSection
	GlobalSection(NestedProjects) = preSolution
		{4A8CB5B9-D1A6-4291-B0E6-CBDCB9F75C6F} = {6EF99FC0-B8A1-11EA-9AC4-67CB1E7A66DC}
		{9CF9BF40-B8A1-11EA-9AC4-67CB1E7A66DC} = {CE3FD110-B898-11EA-9AC4-67CB1E7A66DC}
		{99E26D20-B8A1-11EA-9AC4-67CB1E7A66DC} = {CE3FD110-B898-11EA-9AC4-67CB1E7A66DC}
		{96CF39B0-B8A1-11EA-9AC4-67CB1E7A66DC} = {CE3FD110-B898-11EA-9AC4-67CB1E7A66DC}
		{839CACB0-B8A1-11EA-9AC4-67CB1E7A66DC} = {CAF9A6C0-B898-11EA-9AC4-67CB1E7A66DC}
		{802B7AC0-B8A1-11EA-9AC4-67CB1E7A66DC} = {CAF9A6C0-B898-11EA-9AC4-67CB1E7A66DC}
		{6EF99FC0-B8A1-11EA-9AC4-67CB1E7A66DC} = {CAF9A6C0-B898-11EA-9AC4-67CB1E7A66DC}
		{000A27B0-84F8-4EC2-8751-CCFFC2B957DB} = {6EF99FC0-B8A1-11EA-9AC4-67CB1E7A66DC}
		{F6D03BC7-AB02-4F34-9E86-8528E6A26AC5} = {9CF9BF40-B8A1-11EA-9AC4-67CB1E7A66DC}
		{A79A87CC-B89F-4C4E-A2FC-22B7565CC50A} = {9CF9BF40-B8A1-11EA-9AC4-67CB1E7A66DC}
		{7E35C6C5-68EF-4D88-9006-BD654117889A} = {99E26D20-B8A1-11EA-9AC4-67CB1E7A66DC}
		{8E35D074-F7A8-4DC6-AE3B-121FD7417A22} = {99E26D20-B8A1-11EA-9AC4-67CB1E7A66DC}
		{0009737C-87B0-4564-9D2D-3688DD61DFAB} = {96CF39B0-B8A1-11EA-9AC4-67CB1E7A66DC}
		{76239786-45EA-4E41-AFDB-C44CF61B2A6A} = {839CACB0-B8A1-11EA-9AC4-67CB1E7A66DC}
		{DEF4EECA-CE07-40D7-A1DD-44C61A708822} = {839CACB0-B8A1-11EA-9AC4-67CB1E7A66DC}
		{E23CE9E2-45D1-4FCC-95DE-263E743E784E} = {802B7AC0-B8A1-11EA-9AC4-67CB1E7A66DC}
		{DB0D2D96-EE6F-46FF-8D7A-76602E2B7424} = {802B7AC0-B8A1-11EA-9AC4-67CB1E7A66DC}
		{8EFCC06F-A3B3-4D24-9DF6-C40C8CE80F87} = {6EF99FC0-B8A1-11EA-9AC4-67CB1E7A66DC}
	EndGlobalSection
EndGlobal
